# This file is automatically @generated by Cargo.
# It is not intended for manual editing.
[[package]]
name = "dvdlib"
version = "0.1.0"
dependencies = [
 "json 0.12.1 (registry+https://github.com/rust-lang/crates.io-index)",
 "rustc-serialize 0.3.24 (registry+https://github.com/rust-lang/crates.io-index)",
]

[[package]]
name = "json"
version = "0.12.1"
source = "registry+https://github.com/rust-lang/crates.io-index"

[[package]]
name = "rustc-serialize"
version = "0.3.24"
source = "registry+https://github.com/rust-lang/crates.io-index"

[metadata]
"checksum json 0.12.1 (registry+https://github.com/rust-lang/crates.io-index)" = "9a38661a28126f8621fb246611288ae28935ddf180f5e21f2d0fbfe5e4131dbe"
"checksum rustc-serialize 0.3.24 (registry+https://github.com/rust-lang/crates.io-index)" = "dcf128d1287d2ea9d80910b5f1120d0b8eede3fbf1abe91c40d39ea7d51e6fda"
